// !$*UTF8*$!
{
	archiveVersion = 1;
	classes = {
	};
	objectVersion = 56;
	objects = {

/* Begin PBXBuildFile section */
		CAD001000000000000000001 /* RunningCadenceMetronomeApp.swift in Sources */ = {isa = PBXBuildFile; fileRef = CAD002000000000000000001 /* RunningCadenceMetronomeApp.swift */; };
		CAD001000000000000000002 /* ContentView.swift in Sources */ = {isa = PBXBuildFile; fileRef = CAD002000000000000000002 /* ContentView.swift */; };
		CAD001000000000000000003 /* MetronomeAudioService.swift in Sources */ = {isa = PBXBuildFile; fileRef = CAD002000000000000000003 /* MetronomeAudioService.swift */; };
		CAD001000000000000000004 /* TickPreset.swift in Sources */ = {isa = PBXBuildFile; fileRef = CAD002000000000000000010 /* TickPreset.swift */; };
		CAD001000000000000000005 /* MetronomeTickPlayback.swift in Sources */ = {isa = PBXBuildFile; fileRef = CAD002000000000000000011 /* MetronomeTickPlayback.swift */; };
		CAD001000000000000000006 /* MetronomeController.swift in Sources */ = {isa = PBXBuildFile; fileRef = CAD002000000000000000012 /* MetronomeController.swift */; };
		CAD001000000000000000007 /* Assets.xcassets in Resources */ = {isa = PBXBuildFile; fileRef = CAD002000000000000000004 /* Assets.xcassets */; };
		CAD001000000000000000008 /* Running Cadence Metronome Watch.app in Embed Watch Content */ = {isa = PBXBuildFile; fileRef = CAD002000000000000000020 /* Running Cadence Metronome Watch.app */; settings = {ATTRIBUTES = (RemoveHeadersOnCopy, ); }; };
		CAD001000000000000000009 /* RunningCadenceMetronomeWatchApp.swift in Sources */ = {isa = PBXBuildFile; fileRef = CAD002000000000000000021 /* RunningCadenceMetronomeWatchApp.swift */; };
		CAD00100000000000000000A /* WatchContentView.swift in Sources */ = {isa = PBXBuildFile; fileRef = CAD002000000000000000022 /* WatchContentView.swift */; };
		CAD00100000000000000000B /* WatchMetronomeAudioService.swift in Sources */ = {isa = PBXBuildFile; fileRef = CAD002000000000000000023 /* WatchMetronomeAudioService.swift */; };
		CAD00100000000000000000C /* TickPreset.swift in Sources */ = {isa = PBXBuildFile; fileRef = CAD002000000000000000010 /* TickPreset.swift */; };
		CAD00100000000000000000D /* MetronomeTickPlayback.swift in Sources */ = {isa = PBXBuildFile; fileRef = CAD002000000000000000011 /* MetronomeTickPlayback.swift */; };
		CAD00100000000000000000E /* MetronomeController.swift in Sources */ = {isa = PBXBuildFile; fileRef = CAD002000000000000000012 /* MetronomeController.swift */; };
		CAD00100000000000000000F /* Assets.xcassets in Resources */ = {isa = PBXBuildFile; fileRef = CAD002000000000000000024 /* Assets.xcassets */; };
		CAD001000000000000000010 /* BeatEmphasisPattern.swift in Sources */ = {isa = PBXBuildFile; fileRef = CAD002000000000000000013 /* BeatEmphasisPattern.swift */; };
		CAD001000000000000000011 /* BeatEmphasisPattern.swift in Sources */ = {isa = PBXBuildFile; fileRef = CAD002000000000000000013 /* BeatEmphasisPattern.swift */; };
		CAD001000000000000000012 /* WatchHapticsSettings.swift in Sources */ = {isa = PBXBuildFile; fileRef = CAD002000000000000000025 /* WatchHapticsSettings.swift */; };
/* End PBXBuildFile section */

/* Begin PBXContainerItemProxy section */
		CAD003000000000000000001 /* PBXContainerItemProxy */ = {
			isa = PBXContainerItemProxy;
			containerPortal = CAD004000000000000000001 /* Project object */;
			proxyType = 1;
			remoteGlobalIDString = CAD005000000000000000002;
			remoteInfo = "Running Cadence Metronome Watch";
		};
/* End PBXContainerItemProxy section */

/* Begin PBXCopyFilesBuildPhase section */
		CAD006000000000000000001 /* Embed Watch Content */ = {
			isa = PBXCopyFilesBuildPhase;
			buildActionMask = 2147483647;
			dstPath = "$(CONTENTS_FOLDER_PATH)/Watch";
			dstSubfolderSpec = 16;
			files = (
				CAD001000000000000000008 /* Running Cadence Metronome Watch.app in Embed Watch Content */,
			);
			name = "Embed Watch Content";
			runOnlyForDeploymentPostprocessing = 0;
		};
/* End PBXCopyFilesBuildPhase section */

/* Begin PBXFileReference section */
		CAD002000000000000000001 /* RunningCadenceMetronomeApp.swift */ = {isa = PBXFileReference; lastKnownFileType = sourcecode.swift; path = RunningCadenceMetronomeApp.swift; sourceTree = "<group>"; };
		CAD002000000000000000002 /* ContentView.swift */ = {isa = PBXFileReference; lastKnownFileType = sourcecode.swift; path = ContentView.swift; sourceTree = "<group>"; };
		CAD002000000000000000003 /* MetronomeAudioService.swift */ = {isa = PBXFileReference; lastKnownFileType = sourcecode.swift; path = MetronomeAudioService.swift; sourceTree = "<group>"; };
		CAD002000000000000000004 /* Assets.xcassets */ = {isa = PBXFileReference; lastKnownFileType = folder.assetcatalog; path = Assets.xcassets; sourceTree = "<group>"; };
		CAD002000000000000000010 /* TickPreset.swift */ = {isa = PBXFileReference; lastKnownFileType = sourcecode.swift; path = TickPreset.swift; sourceTree = "<group>"; };
		CAD002000000000000000011 /* MetronomeTickPlayback.swift */ = {isa = PBXFileReference; lastKnownFileType = sourcecode.swift; path = MetronomeTickPlayback.swift; sourceTree = "<group>"; };
		CAD002000000000000000012 /* MetronomeController.swift */ = {isa = PBXFileReference; lastKnownFileType = sourcecode.swift; path = MetronomeController.swift; sourceTree = "<group>"; };
		CAD002000000000000000013 /* BeatEmphasisPattern.swift */ = {isa = PBXFileReference; lastKnownFileType = sourcecode.swift; path = BeatEmphasisPattern.swift; sourceTree = "<group>"; };
		CAD002000000000000000020 /* Running Cadence Metronome Watch.app */ = {isa = PBXFileReference; explicitFileType = wrapper.application; includeInIndex = 0; path = "Running Cadence Metronome Watch.app"; sourceTree = BUILT_PRODUCTS_DIR; };
		CAD002000000000000000021 /* RunningCadenceMetronomeWatchApp.swift */ = {isa = PBXFileReference; lastKnownFileType = sourcecode.swift; path = RunningCadenceMetronomeWatchApp.swift; sourceTree = "<group>"; };
		CAD002000000000000000022 /* WatchContentView.swift */ = {isa = PBXFileReference; lastKnownFileType = sourcecode.swift; path = WatchContentView.swift; sourceTree = "<group>"; };
		CAD002000000000000000023 /* WatchMetronomeAudioService.swift */ = {isa = PBXFileReference; lastKnownFileType = sourcecode.swift; path = WatchMetronomeAudioService.swift; sourceTree = "<group>"; };
		CAD002000000000000000024 /* Assets.xcassets */ = {isa = PBXFileReference; lastKnownFileType = folder.assetcatalog; path = Assets.xcassets; sourceTree = "<group>"; };
		CAD002000000000000000025 /* WatchHapticsSettings.swift */ = {isa = PBXFileReference; lastKnownFileType = sourcecode.swift; path = WatchHapticsSettings.swift; sourceTree = "<group>"; };
		CAD002000000000000000030 /* Running Cadence Metronome.app */ = {isa = PBXFileReference; explicitFileType = wrapper.application; includeInIndex = 0; path = "Running Cadence Metronome.app"; sourceTree = BUILT_PRODUCTS_DIR; };
/* End PBXFileReference section */

/* Begin PBXFrameworksBuildPhase section */
		CAD007000000000000000001 /* Frameworks */ = {
			isa = PBXFrameworksBuildPhase;
			buildActionMask = 2147483647;
			files = (
			);
			runOnlyForDeploymentPostprocessing = 0;
		};
		CAD007000000000000000002 /* Frameworks */ = {
			isa = PBXFrameworksBuildPhase;
			buildActionMask = 2147483647;
			files = (
			);
			runOnlyForDeploymentPostprocessing = 0;
		};
/* End PBXFrameworksBuildPhase section */

/* Begin PBXGroup section */
		CAD008000000000000000001 = {
			isa = PBXGroup;
			children = (
				CAD008000000000000000002 /* MetronomeCore */,
				CAD008000000000000000003 /* RunningCadenceMetronomeIOS */,
				CAD008000000000000000004 /* RunningCadenceMetronomeWatch */,
				CAD008000000000000000005 /* Products */,
			);
			sourceTree = "<group>";
		};
		CAD008000000000000000002 /* MetronomeCore */ = {
			isa = PBXGroup;
			children = (
				CAD008000000000000000006 /* Sources */,
			);
			path = MetronomeCore;
			sourceTree = "<group>";
		};
		CAD008000000000000000003 /* RunningCadenceMetronomeIOS */ = {
			isa = PBXGroup;
			children = (
				CAD002000000000000000001 /* RunningCadenceMetronomeApp.swift */,
				CAD002000000000000000002 /* ContentView.swift */,
				CAD002000000000000000003 /* MetronomeAudioService.swift */,
				CAD002000000000000000004 /* Assets.xcassets */,
			);
			path = RunningCadenceMetronomeIOS;
			sourceTree = "<group>";
		};
		CAD008000000000000000004 /* RunningCadenceMetronomeWatch */ = {
			isa = PBXGroup;
			children = (
				CAD002000000000000000021 /* RunningCadenceMetronomeWatchApp.swift */,
				CAD002000000000000000022 /* WatchContentView.swift */,
				CAD002000000000000000023 /* WatchMetronomeAudioService.swift */,
				CAD002000000000000000025 /* WatchHapticsSettings.swift */,
				CAD002000000000000000024 /* Assets.xcassets */,
			);
			path = RunningCadenceMetronomeWatch;
			sourceTree = "<group>";
		};
		CAD008000000000000000005 /* Products */ = {
			isa = PBXGroup;
			children = (
				CAD002000000000000000030 /* Running Cadence Metronome.app */,
				CAD002000000000000000020 /* Running Cadence Metronome Watch.app */,
			);
			name = Products;
			sourceTree = "<group>";
		};
		CAD008000000000000000006 /* Sources */ = {
			isa = PBXGroup;
			children = (
				CAD008000000000000000007 /* MetronomeCore */,
			);
			path = Sources;
			sourceTree = "<group>";
		};
		CAD008000000000000000007 /* MetronomeCore */ = {
			isa = PBXGroup;
			children = (
				CAD002000000000000000010 /* TickPreset.swift */,
				CAD002000000000000000013 /* BeatEmphasisPattern.swift */,
				CAD002000000000000000011 /* MetronomeTickPlayback.swift */,
				CAD002000000000000000012 /* MetronomeController.swift */,
			);
			path = MetronomeCore;
			sourceTree = "<group>";
		};
/* End PBXGroup section */

/* Begin PBXNativeTarget section */
		CAD005000000000000000001 /* Running Cadence Metronome */ = {
			isa = PBXNativeTarget;
			buildConfigurationList = CAD009000000000000000001 /* Build configuration list for PBXNativeTarget "Running Cadence Metronome" */;
			buildPhases = (
				CAD00A000000000000000001 /* Sources */,
				CAD007000000000000000001 /* Frameworks */,
				CAD00B000000000000000001 /* Resources */,
				CAD006000000000000000001 /* Embed Watch Content */,
			);
			buildRules = (
			);
			dependencies = (
				CAD00C000000000000000001 /* PBXTargetDependency */,
			);
			name = "Running Cadence Metronome";
			productName = "Running Cadence Metronome";
			productReference = CAD002000000000000000030 /* Running Cadence Metronome.app */;
			productType = "com.apple.product-type.application";
		};
		CAD005000000000000000002 /* Running Cadence Metronome Watch */ = {
			isa = PBXNativeTarget;
			buildConfigurationList = CAD009000000000000000002 /* Build configuration list for PBXNativeTarget "Running Cadence Metronome Watch" */;
			buildPhases = (
				CAD00A000000000000000002 /* Sources */,
				CAD007000000000000000002 /* Frameworks */,
				CAD00B000000000000000002 /* Resources */,
			);
			buildRules = (
			);
			dependencies = (
			);
			name = "Running Cadence Metronome Watch";
			productName = "Running Cadence Metronome Watch";
			productReference = CAD002000000000000000020 /* Running Cadence Metronome Watch.app */;
			productType = "com.apple.product-type.application";
		};
/* End PBXNativeTarget section */

/* Begin PBXProject section */
		CAD004000000000000000001 /* Project object */ = {
			isa = PBXProject;
			attributes = {
				BuildIndependentTargetsInParallel = 1;
				LastSwiftUpdateCheck = 1500;
				LastUpgradeCheck = 2640;
				TargetAttributes = {
					CAD005000000000000000001 = {
						CreatedOnToolsVersion = 15.0;
					};
					CAD005000000000000000002 = {
						CreatedOnToolsVersion = 15.0;
					};
				};
			};
			buildConfigurationList = CAD009000000000000000003 /* Build configuration list for PBXProject "Running Cadence Metronome" */;
			compatibilityVersion = "Xcode 14.0";
			developmentRegion = en;
			hasScannedForEncodings = 0;
			knownRegions = (
				en,
				Base,
			);
			mainGroup = CAD008000000000000000001;
			productRefGroup = CAD008000000000000000005 /* Products */;
			projectDirPath = "";
			projectRoot = "";
			targets = (
				CAD005000000000000000001 /* Running Cadence Metronome */,
				CAD005000000000000000002 /* Running Cadence Metronome Watch */,
			);
		};
/* End PBXProject section */

/* Begin PBXResourcesBuildPhase section */
		CAD00B000000000000000001 /* Resources */ = {
			isa = PBXResourcesBuildPhase;
			buildActionMask = 2147483647;
			files = (
				CAD001000000000000000007 /* Assets.xcassets in Resources */,
			);
			runOnlyForDeploymentPostprocessing = 0;
		};
		CAD00B000000000000000002 /* Resources */ = {
			isa = PBXResourcesBuildPhase;
			buildActionMask = 2147483647;
			files = (
				CAD00100000000000000000F /* Assets.xcassets in Resources */,
			);
			runOnlyForDeploymentPostprocessing = 0;
		};
/* End PBXResourcesBuildPhase section */

/* Begin PBXSourcesBuildPhase section */
		CAD00A000000000000000001 /* Sources */ = {
			isa = PBXSourcesBuildPhase;
			buildActionMask = 2147483647;
			files = (
				CAD001000000000000000001 /* RunningCadenceMetronomeApp.swift in Sources */,
				CAD001000000000000000002 /* ContentView.swift in Sources */,
				CAD001000000000000000003 /* MetronomeAudioService.swift in Sources */,
				CAD001000000000000000004 /* TickPreset.swift in Sources */,
				CAD001000000000000000010 /* BeatEmphasisPattern.swift in Sources */,
				CAD001000000000000000005 /* MetronomeTickPlayback.swift in Sources */,
				CAD001000000000000000006 /* MetronomeController.swift in Sources */,
			);
			runOnlyForDeploymentPostprocessing = 0;
		};
		CAD00A000000000000000002 /* Sources */ = {
			isa = PBXSourcesBuildPhase;
			buildActionMask = 2147483647;
			files = (
				CAD001000000000000000009 /* RunningCadenceMetronomeWatchApp.swift in Sources */,
				CAD00100000000000000000A /* WatchContentView.swift in Sources */,
				CAD00100000000000000000B /* WatchMetronomeAudioService.swift in Sources */,
				CAD001000000000000000012 /* WatchHapticsSettings.swift in Sources */,
				CAD00100000000000000000C /* TickPreset.swift in Sources */,
				CAD001000000000000000011 /* BeatEmphasisPattern.swift in Sources */,
				CAD00100000000000000000D /* MetronomeTickPlayback.swift in Sources */,
				CAD00100000000000000000E /* MetronomeController.swift in Sources */,
			);
			runOnlyForDeploymentPostprocessing = 0;
		};
/* End PBXSourcesBuildPhase section */

/* Begin PBXTargetDependency section */
		CAD00C000000000000000001 /* PBXTargetDependency */ = {
			isa = PBXTargetDependency;
			target = CAD005000000000000000002 /* Running Cadence Metronome Watch */;
			targetProxy = CAD003000000000000000001 /* PBXContainerItemProxy */;
		};
/* End PBXTargetDependency section */

/* Begin XCBuildConfiguration section */
		CAD00D000000000000000001 /* Debug */ = {
			isa = XCBuildConfiguration;
			buildSettings = {
				ALWAYS_SEARCH_USER_PATHS = NO;
				ASSETCATALOG_COMPILER_GENERATE_SWIFT_ASSET_SYMBOL_EXTENSIONS = YES;
				CLANG_ENABLE_MODULES = YES;
				CLANG_ENABLE_OBJC_ARC = YES;
				CLANG_WARN_BLOCK_CAPTURE_AUTORELEASING = YES;
				CLANG_WARN_BOOL_CONVERSION = YES;
				CLANG_WARN_COMMA = YES;
				CLANG_WARN_CONSTANT_CONVERSION = YES;
				CLANG_WARN_DEPRECATED_OBJC_IMPLEMENTATIONS = YES;
				CLANG_WARN_EMPTY_BODY = YES;
				CLANG_WARN_ENUM_CONVERSION = YES;
				CLANG_WARN_INFINITE_RECURSION = YES;
				CLANG_WARN_INT_CONVERSION = YES;
				CLANG_WARN_NON_LITERAL_NULL_CONVERSION = YES;
				CLANG_WARN_OBJC_IMPLICIT_RETAIN_SELF = YES;
				CLANG_WARN_OBJC_LITERAL_CONVERSION = YES;
				CLANG_WARN_QUOTED_INCLUDE_IN_FRAMEWORK_HEADER = YES;
				CLANG_WARN_RANGE_LOOP_ANALYSIS = YES;
				CLANG_WARN_STRICT_PROTOTYPES = YES;
				CLANG_WARN_SUSPICIOUS_MOVE = YES;
				CLANG_WARN_UNREACHABLE_CODE = YES;
				CLANG_WARN__DUPLICATE_METHOD_MATCH = YES;
				COPY_PHASE_STRIP = NO;
				DEAD_CODE_STRIPPING = YES;
				DEBUG_INFORMATION_FORMAT = dwarf;
				DEVELOPMENT_TEAM = 7YPJCXPNAH;
				ENABLE_STRICT_OBJC_MSGSEND = YES;
				ENABLE_TESTABILITY = YES;
				ENABLE_USER_SCRIPT_SANDBOXING = YES;
				GCC_DYNAMIC_NO_PIC = NO;
				GCC_NO_COMMON_BLOCKS = YES;
				GCC_OPTIMIZATION_LEVEL = 0;
				GCC_PREPROCESSOR_DEFINITIONS = (
					"DEBUG=1",
					"$(inherited)",
				);
				GCC_WARN_64_TO_32_BIT_CONVERSION = YES;
				GCC_WARN_ABOUT_RETURN_TYPE = YES;
				GCC_WARN_UNDECLARED_SELECTOR = YES;
				GCC_WARN_UNINITIALIZED_AUTOS = YES;
				GCC_WARN_UNUSED_FUNCTION = YES;
				GCC_WARN_UNUSED_VARIABLE = YES;
				MTL_ENABLE_DEBUG_INFO = INCLUDE_SOURCE;
				ONLY_ACTIVE_ARCH = YES;
				STRING_CATALOG_GENERATE_SYMBOLS = YES;
				SWIFT_ACTIVE_COMPILATION_CONDITIONS = "DEBUG $(inherited)";
				SWIFT_OPTIMIZATION_LEVEL = "-Onone";
			};
			name = Debug;
		};
		CAD00D000000000000000002 /* Release */ = {
			isa = XCBuildConfiguration;
			buildSettings = {
				ALWAYS_SEARCH_USER_PATHS = NO;
				ASSETCATALOG_COMPILER_GENERATE_SWIFT_ASSET_SYMBOL_EXTENSIONS = YES;
				CLANG_ENABLE_MODULES = YES;
				CLANG_ENABLE_OBJC_ARC = YES;
				CLANG_WARN_BLOCK_CAPTURE_AUTORELEASING = YES;
				CLANG_WARN_BOOL_CONVERSION = YES;
				CLANG_WARN_COMMA = YES;
				CLANG_WARN_CONSTANT_CONVERSION = YES;
				CLANG_WARN_DEPRECATED_OBJC_IMPLEMENTATIONS = YES;
				CLANG_WARN_EMPTY_BODY = YES;
				CLANG_WARN_ENUM_CONVERSION = YES;
				CLANG_WARN_INFINITE_RECURSION = YES;
				CLANG_WARN_INT_CONVERSION = YES;
				CLANG_WARN_NON_LITERAL_NULL_CONVERSION = YES;
				CLANG_WARN_OBJC_IMPLICIT_RETAIN_SELF = YES;
				CLANG_WARN_OBJC_LITERAL_CONVERSION = YES;
				CLANG_WARN_QUOTED_INCLUDE_IN_FRAMEWORK_HEADER = YES;
				CLANG_WARN_RANGE_LOOP_ANALYSIS = YES;
				CLANG_WARN_STRICT_PROTOTYPES = YES;
				CLANG_WARN_SUSPICIOUS_MOVE = YES;
				CLANG_WARN_UNREACHABLE_CODE = YES;
				CLANG_WARN__DUPLICATE_METHOD_MATCH = YES;
				COPY_PHASE_STRIP = NO;
				DEAD_CODE_STRIPPING = YES;
				DEBUG_INFORMATION_FORMAT = "dwarf-with-dsym";
				DEVELOPMENT_TEAM = 7YPJCXPNAH;
				ENABLE_NS_ASSERTIONS = NO;
				ENABLE_STRICT_OBJC_MSGSEND = YES;
				ENABLE_USER_SCRIPT_SANDBOXING = YES;
				GCC_NO_COMMON_BLOCKS = YES;
				GCC_WARN_64_TO_32_BIT_CONVERSION = YES;
				GCC_WARN_ABOUT_RETURN_TYPE = YES;
				GCC_WARN_UNDECLARED_SELECTOR = YES;
				GCC_WARN_UNINITIALIZED_AUTOS = YES;
				GCC_WARN_UNUSED_FUNCTION = YES;
				GCC_WARN_UNUSED_VARIABLE = YES;
				MTL_ENABLE_DEBUG_INFO = NO;
				STRING_CATALOG_GENERATE_SYMBOLS = YES;
				SWIFT_COMPILATION_MODE = wholemodule;
			};
			name = Release;
		};
		CAD00D000000000000000003 /* Debug */ = {
			isa = XCBuildConfiguration;
			buildSettings = {
				ASSETCATALOG_COMPILER_APPICON_NAME = AppIcon;
				CODE_SIGN_STYLE = Automatic;
				CURRENT_PROJECT_VERSION = 1;
				ENABLE_PREVIEWS = YES;
				GENERATE_INFOPLIST_FILE = YES;
				INFOPLIST_KEY_CFBundleDisplayName = "Running Cadence Metronome";
				INFOPLIST_KEY_UIApplicationSceneManifest_Generation = YES;
				INFOPLIST_KEY_UIBackgroundModes = audio;
				INFOPLIST_KEY_UILaunchScreen_Generation = YES;
				INFOPLIST_KEY_UISupportedInterfaceOrientations = UIInterfaceOrientationPortrait;
				INFOPLIST_KEY_UISupportedInterfaceOrientations_iPad = "UIInterfaceOrientationLandscapeLeft UIInterfaceOrientationLandscapeRight UIInterfaceOrientationPortrait UIInterfaceOrientationPortraitUpsideDown";
				IPHONEOS_DEPLOYMENT_TARGET = 17.0;
				LD_RUNPATH_SEARCH_PATHS = (
					"$(inherited)",
					"@executable_path/Frameworks",
				);
				MARKETING_VERSION = 1.0;
				PRODUCT_BUNDLE_IDENTIFIER = com.lauriecai.runningmetronome;
				PRODUCT_NAME = "$(TARGET_NAME)";
				SDKROOT = iphoneos;
				SUPPORTED_PLATFORMS = "iphoneos iphonesimulator";
				SUPPORTS_MACCATALYST = NO;
				SUPPORTS_MAC_DESIGNED_FOR_IPHONE_IPAD = NO;
				SUPPORTS_XR_DESIGNED_FOR_IPHONE_IPAD = NO;
				SWIFT_EMIT_LOC_STRINGS = YES;
				SWIFT_VERSION = 5.0;
				TARGETED_DEVICE_FAMILY = 1;
			};
			name = Debug;
		};
		CAD00D000000000000000004 /* Release */ = {
			isa = XCBuildConfiguration;
			buildSettings = {
				ASSETCATALOG_COMPILER_APPICON_NAME = AppIcon;
				CODE_SIGN_STYLE = Automatic;
				CURRENT_PROJECT_VERSION = 1;
				ENABLE_PREVIEWS = YES;
				GENERATE_INFOPLIST_FILE = YES;
				INFOPLIST_KEY_CFBundleDisplayName = "Running Cadence Metronome";
				INFOPLIST_KEY_UIApplicationSceneManifest_Generation = YES;
				INFOPLIST_KEY_UIBackgroundModes = audio;
				INFOPLIST_KEY_UILaunchScreen_Generation = YES;
				INFOPLIST_KEY_UISupportedInterfaceOrientations = UIInterfaceOrientationPortrait;
				INFOPLIST_KEY_UISupportedInterfaceOrientations_iPad = "UIInterfaceOrientationLandscapeLeft UIInterfaceOrientationLandscapeRight UIInterfaceOrientationPortrait UIInterfaceOrientationPortraitUpsideDown";
				IPHONEOS_DEPLOYMENT_TARGET = 17.0;
				LD_RUNPATH_SEARCH_PATHS = (
					"$(inherited)",
					"@executable_path/Frameworks",
				);
				MARKETING_VERSION = 1.0;
				PRODUCT_BUNDLE_IDENTIFIER = com.lauriecai.runningmetronome;
				PRODUCT_NAME = "$(TARGET_NAME)";
				SDKROOT = iphoneos;
				SUPPORTED_PLATFORMS = "iphoneos iphonesimulator";
				SUPPORTS_MACCATALYST = NO;
				SUPPORTS_MAC_DESIGNED_FOR_IPHONE_IPAD = NO;
				SUPPORTS_XR_DESIGNED_FOR_IPHONE_IPAD = NO;
				SWIFT_EMIT_LOC_STRINGS = YES;
				SWIFT_VERSION = 5.0;
				TARGETED_DEVICE_FAMILY = 1;
			};
			name = Release;
		};
		CAD00D000000000000000005 /* Debug */ = {
			isa = XCBuildConfiguration;
			buildSettings = {
				ASSETCATALOG_COMPILER_APPICON_NAME = AppIcon;
				CODE_SIGN_STYLE = Automatic;
				CURRENT_PROJECT_VERSION = 1;
				GENERATE_INFOPLIST_FILE = YES;
				INFOPLIST_KEY_CFBundleDisplayName = "Running Cadence Metronome";
				INFOPLIST_KEY_UISupportedInterfaceOrientations = "UIInterfaceOrientationPortrait UIInterfaceOrientationPortraitUpsideDown";
				INFOPLIST_KEY_WKBackgroundModes = audio;
				INFOPLIST_KEY_WKCompanionAppBundleIdentifier = com.lauriecai.runningmetronome;
				LD_RUNPATH_SEARCH_PATHS = (
					"$(inherited)",
					"@executable_path/Frameworks",
				);
				MARKETING_VERSION = 1.0;
				PRODUCT_BUNDLE_IDENTIFIER = com.lauriecai.runningmetronome.watchkitapp;
				PRODUCT_NAME = "$(TARGET_NAME)";
				SDKROOT = watchos;
				SKIP_INSTALL = YES;
				SUPPORTED_PLATFORMS = "watchos watchsimulator";
				SWIFT_EMIT_LOC_STRINGS = YES;
				SWIFT_VERSION = 5.0;
				TARGETED_DEVICE_FAMILY = 4;
				WATCHOS_DEPLOYMENT_TARGET = 10.0;
			};
			name = Debug;
		};
		CAD00D000000000000000006 /* Release */ = {
			isa = XCBuildConfiguration;
			buildSettings = {
				ASSETCATALOG_COMPILER_APPICON_NAME = AppIcon;
				CODE_SIGN_STYLE = Automatic;
				CURRENT_PROJECT_VERSION = 1;
				GENERATE_INFOPLIST_FILE = YES;
				INFOPLIST_KEY_CFBundleDisplayName = "Running Cadence Metronome";
				INFOPLIST_KEY_UISupportedInterfaceOrientations = "UIInterfaceOrientationPortrait UIInterfaceOrientationPortraitUpsideDown";
				INFOPLIST_KEY_WKBackgroundModes = audio;
				INFOPLIST_KEY_WKCompanionAppBundleIdentifier = com.lauriecai.runningmetronome;
				LD_RUNPATH_SEARCH_PATHS = (
					"$(inherited)",
					"@executable_path/Frameworks",
				);
				MARKETING_VERSION = 1.0;
				PRODUCT_BUNDLE_IDENTIFIER = com.lauriecai.runningmetronome.watchkitapp;
				PRODUCT_NAME = "$(TARGET_NAME)";
				SDKROOT = watchos;
				SKIP_INSTALL = YES;
				SUPPORTED_PLATFORMS = "watchos watchsimulator";
				SWIFT_EMIT_LOC_STRINGS = YES;
				SWIFT_VERSION = 5.0;
				TARGETED_DEVICE_FAMILY = 4;
				WATCHOS_DEPLOYMENT_TARGET = 10.0;
			};
			name = Release;
		};
/* End XCBuildConfiguration section */

/* Begin XCConfigurationList section */
		CAD009000000000000000001 /* Build configuration list for PBXNativeTarget "Running Cadence Metronome" */ = {
			isa = XCConfigurationList;
			buildConfigurations = (
				CAD00D000000000000000003 /* Debug */,
				CAD00D000000000000000004 /* Release */,
			);
			defaultConfigurationIsVisible = 0;
			defaultConfigurationName = Release;
		};
		CAD009000000000000000002 /* Build configuration list for PBXNativeTarget "Running Cadence Metronome Watch" */ = {
			isa = XCConfigurationList;
			buildConfigurations = (
				CAD00D000000000000000005 /* Debug */,
				CAD00D000000000000000006 /* Release */,
			);
			defaultConfigurationIsVisible = 0;
			defaultConfigurationName = Release;
		};
		CAD009000000000000000003 /* Build configuration list for PBXProject "Running Cadence Metronome" */ = {
			isa = XCConfigurationList;
			buildConfigurations = (
				CAD00D000000000000000001 /* Debug */,
				CAD00D000000000000000002 /* Release */,
			);
			defaultConfigurationIsVisible = 0;
			defaultConfigurationName = Release;
		};
/* End XCConfigurationList section */
	};
	rootObject = CAD004000000000000000001 /* Project object */;
}
